
Microsoft Visual Studio Solution File, Format Version 12.00
# Visual Studio Version 17
VisualStudioVersion = 17.10.34928.147
MinimumVisualStudioVersion = 10.0.40219.1
Project("{888888A0-9F3D-457C-B088-3A5042F75D52}") = "OpenVigilante", "OpenVigilante\OpenVigilante.pyproj", "{AB2062B3-B4BF-4EB1-A02F-76C92C4BEF65}"
EndProject
Global
	GlobalSection(SolutionConfigurationPlatforms) = preSolution
		Debug|Any CPU = Debug|Any CPU
		Release|Any CPU = Release|Any CPU
	EndGlobalSection
	GlobalSection(ProjectConfigurationPlatforms) = postSolution
		{AB2062B3-B4BF-4EB1-A02F-76C92C4BEF65}.Debug|Any CPU.ActiveCfg = Debug|Any CPU
		{AB2062B3-B4BF-4EB1-A02F-76C92C4BEF65}.Release|Any CPU.ActiveCfg = Release|Any CPU
	EndGlobalSection
	GlobalSection(SolutionProperties) = preSolution
		HideSolutionNode = FALSE
	EndGlobalSection
	GlobalSection(ExtensibilityGlobals) = postSolution
		SolutionGuid = {D04C5828-A4D1-451A-AE60-3EDD4D1C5B3F}
	EndGlobalSection
EndGlobal
